<?xml version="1.0" encoding="utf-8"?>
<Project ToolsVersion="4.0" xmlns="http://schemas.microsoft.com/developer/msbuild/2003">
  <ItemGroup>
    <Filter Include="Source Files">
      <UniqueIdentifier>{4FC737F1-C7A5-4376-A066-2A32D752A2FF}</UniqueIdentifier>
      <Extensions>cpp;c;cc;cxx;c++;cppm;ixx;def;odl;idl;hpj;bat;asm;asmx</Extensions>
    </Filter>
    <Filter Include="Header Files">
      <UniqueIdentifier>{93995380-89BD-4b04-88EB-625FBE52EBFB}</UniqueIdentifier>
      <Extensions>h;hh;hpp;hxx;h++;hm;inl;inc;ipp;xsd</Extensions>
    </Filter>
    <Filter Include="Resource Files">
      <UniqueIdentifier>{67DA6AB6-F800-4c08-8B7A-83BB121AAD01}</UniqueIdentifier>
      <Extensions>rc;ico;cur;bmp;dlg;rc2;rct;bin;rgs;gif;jpg;jpeg;jpe;resx;tiff;tif;png;wav;mfcribbon-ms</Extensions>
    </Filter>
    <Filter Include="Old">
      <UniqueIdentifier>{537db9d0-88d3-4a8f-8e8e-66544896be5b}</UniqueIdentifier>
    </Filter>
  </ItemGroup>
  <ItemGroup>
    <ClCompile Include="Day1.cpp">
      <Filter>Old</Filter>
    </ClCompile>
    <ClCompile Include="Day2.cpp">
      <Filter>Old</Filter>
    </ClCompile>
    <ClCompile Include="Day3.cpp">
      <Filter>Old</Filter>
    </ClCompile>
    <ClCompile Include="Day4.cpp">
      <Filter>Old</Filter>
    </ClCompile>
    <ClCompile Include="Day5.cpp">
      <Filter>Old</Filter>
    </ClCompile>
    <ClCompile Include="Day6.cpp">
      <Filter>Source Files</Filter>
    </ClCompile>
  </ItemGroup>
  <ItemGroup>
    <Text Include="day1.txt">
      <Filter>Old</Filter>
    </Text>
    <Text Include="Day2.txt">
      <Filter>Old</Filter>
    </Text>
    <Text Include="Day3.txt">
      <Filter>Old</Filter>
    </Text>
    <Text Include="Day4.txt">
      <Filter>Old</Filter>
    </Text>
    <Text Include="Day5.txt">
      <Filter>Old</Filter>
    </Text>
    <Text Include="Day6.txt">
      <Filter>Source Files</Filter>
    </Text>
  </ItemGroup>
</Project>